{
  "name": "uniswap-v2-loader",
  "version": "6.1.0",
  "lockfileVersion": 3,
  "requires": true,
  "packages": {
    "": {
      "name": "uniswap-v2-loader",
      "version": "6.1.0",
      "license": "MIT",
      "dependencies": {
        "@calp-pro/dex-db": "^2.0.0"
      },
      "bin": {
        "uniswap-v2-loader": "src/uniswap-v2-loader"
      }
    },
    "node_modules/@calp-pro/dex-db": {
      "version": "2.0.0",
      "resolved": "https://registry.npmjs.org/@calp-pro/dex-db/-/dex-db-2.0.0.tgz",
      "integrity": "sha512-l7RQ5BYSWvLRAgNXbXKB0jYt7kfhnmSsg9HHYTkY20aZ2wSO01R7uaHhnulSyeTcMRKilGPqbhvDBuyNVZSkIQ==",
      "license": "MIT"
    }
  }
}
